
Microsoft Visual Studio Solution File, Format Version 12.00
# Visual Studio Version 17
VisualStudioVersion = 17.9.34723.18
MinimumVisualStudioVersion = 10.0.40219.1
Project("{FAE04EC0-301F-11D3-BF4B-00C04F79EFBC}") = "ZventsApi", "ZventsApi\ZventsApi.csproj", "{AE846477-256F-4C26-B1A0-5634EA93E35A}"
EndProject
Global
	GlobalSection(SolutionConfigurationPlatforms) = preSolution
		Debug|Any CPU = Debug|Any CPU
		Release|Any CPU = Release|Any CPU
	EndGlobalSection
	GlobalSection(ProjectConfigurationPlatforms) = postSolution
		{AE846477-256F-4C26-B1A0-5634EA93E35A}.Debug|Any CPU.ActiveCfg = Debug|Any CPU
		{AE846477-256F-4C26-B1A0-5634EA93E35A}.Debug|Any CPU.Build.0 = Debug|Any CPU
		{AE846477-256F-4C26-B1A0-5634EA93E35A}.Release|Any CPU.ActiveCfg = Release|Any CPU
		{AE846477-256F-4C26-B1A0-5634EA93E35A}.Release|Any CPU.Build.0 = Release|Any CPU
	EndGlobalSection
	GlobalSection(SolutionProperties) = preSolution
		HideSolutionNode = FALSE
	EndGlobalSection
	GlobalSection(ExtensibilityGlobals) = postSolution
		SolutionGuid = {FE62D7B9-42AC-401B-8D3E-2B6CF596691D}
	EndGlobalSection
EndGlobal
